// !$*UTF8*$!
{
	archiveVersion = 1;
	classes = {
	};
	objectVersion = 56;
	objects = {

/* Begin PBXBuildFile section */
		55CC8C072AD712BA0053D15D /* First_App_EverApp.swift in Sources */ = {isa = PBXBuildFile; fileRef = 55CC8C062AD712BA0053D15D /* First_App_EverApp.swift */; };
		55CC8C092AD712BA0053D15D /* ContentView.swift in Sources */ = {isa = PBXBuildFile; fileRef = 55CC8C082AD712BA0053D15D /* ContentView.swift */; };
		55CC8C0B2AD712BC0053D15D /* Assets.xcassets in Resources */ = {isa = PBXBuildFile; fileRef = 55CC8C0A2AD712BC0053D15D /* Assets.xcassets */; };
		55CC8C0F2AD712BC0053D15D /* Preview Assets.xcassets in Resources */ = {isa = PBXBuildFile; fileRef = 55CC8C0E2AD712BC0053D15D /* Preview Assets.xcassets */; };
		55CC8C192AD712BC0053D15D /* First_App_EverTests.swift in Sources */ = {isa = PBXBuildFile; fileRef = 55CC8C182AD712BC0053D15D /* First_App_EverTests.swift */; };
		55CC8C232AD712BC0053D15D /* First_App_EverUITests.swift in Sources */ = {isa = PBXBuildFile; fileRef = 55CC8C222AD712BC0053D15D /* First_App_EverUITests.swift */; };
		55CC8C252AD712BC0053D15D /* First_App_EverUITestsLaunchTests.swift in Sources */ = {isa = PBXBuildFile; fileRef = 55CC8C242AD712BC0053D15D /* First_App_EverUITestsLaunchTests.swift */; };
/* End PBXBuildFile section */

/* Begin PBXContainerItemProxy section */
		55CC8C152AD712BC0053D15D /* PBXContainerItemProxy */ = {
			isa = PBXContainerItemProxy;
			containerPortal = 55CC8BFB2AD712BA0053D15D /* Project object */;
			proxyType = 1;
			remoteGlobalIDString = 55CC8C022AD712BA0053D15D;
			remoteInfo = "First App Ever";
		};
		55CC8C1F2AD712BC0053D15D /* PBXContainerItemProxy */ = {
			isa = PBXContainerItemProxy;
			containerPortal = 55CC8BFB2AD712BA0053D15D /* Project object */;
			proxyType = 1;
			remoteGlobalIDString = 55CC8C022AD712BA0053D15D;
			remoteInfo = "First App Ever";
		};
/* End PBXContainerItemProxy section */

/* Begin PBXFileReference section */
		55CC8C032AD712BA0053D15D /* First App Ever.app */ = {isa = PBXFileReference; explicitFileType = wrapper.application; includeInIndex = 0; path = "First App Ever.app"; sourceTree = BUILT_PRODUCTS_DIR; };
		55CC8C062AD712BA0053D15D /* First_App_EverApp.swift */ = {isa = PBXFileReference; lastKnownFileType = sourcecode.swift; path = First_App_EverApp.swift; sourceTree = "<group>"; };
		55CC8C082AD712BA0053D15D /* ContentView.swift */ = {isa = PBXFileReference; lastKnownFileType = sourcecode.swift; path = ContentView.swift; sourceTree = "<group>"; };
		55CC8C0A2AD712BC0053D15D /* Assets.xcassets */ = {isa = PBXFileReference; lastKnownFileType = folder.assetcatalog; path = Assets.xcassets; sourceTree = "<group>"; };
		55CC8C0C2AD712BC0053D15D /* First_App_Ever.entitlements */ = {isa = PBXFileReference; lastKnownFileType = text.plist.entitlements; path = First_App_Ever.entitlements; sourceTree = "<group>"; };
		55CC8C0E2AD712BC0053D15D /* Preview Assets.xcassets */ = {isa = PBXFileReference; lastKnownFileType = folder.assetcatalog; path = "Preview Assets.xcassets"; sourceTree = "<group>"; };
		55CC8C142AD712BC0053D15D /* First App EverTests.xctest */ = {isa = PBXFileReference; explicitFileType = wrapper.cfbundle; includeInIndex = 0; path = "First App EverTests.xctest"; sourceTree = BUILT_PRODUCTS_DIR; };
		55CC8C182AD712BC0053D15D /* First_App_EverTests.swift */ = {isa = PBXFileReference; lastKnownFileType = sourcecode.swift; path = First_App_EverTests.swift; sourceTree = "<group>"; };
		55CC8C1E2AD712BC0053D15D /* First App EverUITests.xctest */ = {isa = PBXFileReference; explicitFileType = wrapper.cfbundle; includeInIndex = 0; path = "First App EverUITests.xctest"; sourceTree = BUILT_PRODUCTS_DIR; };
		55CC8C222AD712BC0053D15D /* First_App_EverUITests.swift */ = {isa = PBXFileReference; lastKnownFileType = sourcecode.swift; path = First_App_EverUITests.swift; sourceTree = "<group>"; };
		55CC8C242AD712BC0053D15D /* First_App_EverUITestsLaunchTests.swift */ = {isa = PBXFileReference; lastKnownFileType = sourcecode.swift; path = First_App_EverUITestsLaunchTests.swift; sourceTree = "<group>"; };
/* End PBXFileReference section */

/* Begin PBXFrameworksBuildPhase section */
		55CC8C002AD712BA0053D15D /* Frameworks */ = {
			isa = PBXFrameworksBuildPhase;
			buildActionMask = 2147483647;
			files = (
			);
			runOnlyForDeploymentPostprocessing = 0;
		};
		55CC8C112AD712BC0053D15D /* Frameworks */ = {
			isa = PBXFrameworksBuildPhase;
			buildActionMask = 2147483647;
			files = (
			);
			runOnlyForDeploymentPostprocessing = 0;
		};
		55CC8C1B2AD712BC0053D15D /* Frameworks */ = {
			isa = PBXFrameworksBuildPhase;
			buildActionMask = 2147483647;
			files = (
			);
			runOnlyForDeploymentPostprocessing = 0;
		};
/* End PBXFrameworksBuildPhase section */

/* Begin PBXGroup section */
		55CC8BFA2AD712BA0053D15D = {
			isa = PBXGroup;
			children = (
				55CC8C052AD712BA0053D15D /* First App Ever */,
				55CC8C172AD712BC0053D15D /* First App EverTests */,
				55CC8C212AD712BC0053D15D /* First App EverUITests */,
				55CC8C042AD712BA0053D15D /* Products */,
			);
			sourceTree = "<group>";
		};
		55CC8C042AD712BA0053D15D /* Products */ = {
			isa = PBXGroup;
			children = (
				55CC8C032AD712BA0053D15D /* First App Ever.app */,
				55CC8C142AD712BC0053D15D /* First App EverTests.xctest */,
				55CC8C1E2AD712BC0053D15D /* First App EverUITests.xctest */,
			);
			name = Products;
			sourceTree = "<group>";
		};
		55CC8C052AD712BA0053D15D /* First App Ever */ = {
			isa = PBXGroup;
			children = (
				55CC8C062AD712BA0053D15D /* First_App_EverApp.swift */,
				55CC8C082AD712BA0053D15D /* ContentView.swift */,
				55CC8C0A2AD712BC0053D15D /* Assets.xcassets */,
				55CC8C0C2AD712BC0053D15D /* First_App_Ever.entitlements */,
				55CC8C0D2AD712BC0053D15D /* Preview Content */,
			);
			path = "First App Ever";
			sourceTree = "<group>";
		};
		55CC8C0D2AD712BC0053D15D /* Preview Content */ = {
			isa = PBXGroup;
			children = (
				55CC8C0E2AD712BC0053D15D /* Preview Assets.xcassets */,
			);
			path = "Preview Content";
			sourceTree = "<group>";
		};
		55CC8C172AD712BC0053D15D /* First App EverTests */ = {
			isa = PBXGroup;
			children = (
				55CC8C182AD712BC0053D15D /* First_App_EverTests.swift */,
			);
			path = "First App EverTests";
			sourceTree = "<group>";
		};
		55CC8C212AD712BC0053D15D /* First App EverUITests */ = {
			isa = PBXGroup;
			children = (
				55CC8C222AD712BC0053D15D /* First_App_EverUITests.swift */,
				55CC8C242AD712BC0053D15D /* First_App_EverUITestsLaunchTests.swift */,
			);
			path = "First App EverUITests";
			sourceTree = "<group>";
		};
/* End PBXGroup section */

/* Begin PBXNativeTarget section */
		55CC8C022AD712BA0053D15D /* First App Ever */ = {
			isa = PBXNativeTarget;
			buildConfigurationList = 55CC8C282AD712BC0053D15D /* Build configuration list for PBXNativeTarget "First App Ever" */;
			buildPhases = (
				55CC8BFF2AD712BA0053D15D /* Sources */,
				55CC8C002AD712BA0053D15D /* Frameworks */,
				55CC8C012AD712BA0053D15D /* Resources */,
			);
			buildRules = (
			);
			dependencies = (
			);
			name = "First App Ever";
			productName = "First App Ever";
			productReference = 55CC8C032AD712BA0053D15D /* First App Ever.app */;
			productType = "com.apple.product-type.application";
		};
		55CC8C132AD712BC0053D15D /* First App EverTests */ = {
			isa = PBXNativeTarget;
			buildConfigurationList = 55CC8C2B2AD712BC0053D15D /* Build configuration list for PBXNativeTarget "First App EverTests" */;
			buildPhases = (
				55CC8C102AD712BC0053D15D /* Sources */,
				55CC8C112AD712BC0053D15D /* Frameworks */,
				55CC8C122AD712BC0053D15D /* Resources */,
			);
			buildRules = (
			);
			dependencies = (
				55CC8C162AD712BC0053D15D /* PBXTargetDependency */,
			);
			name = "First App EverTests";
			productName = "First App EverTests";
			productReference = 55CC8C142AD712BC0053D15D /* First App EverTests.xctest */;
			productType = "com.apple.product-type.bundle.unit-test";
		};
		55CC8C1D2AD712BC0053D15D /* First App EverUITests */ = {
			isa = PBXNativeTarget;
			buildConfigurationList = 55CC8C2E2AD712BC0053D15D /* Build configuration list for PBXNativeTarget "First App EverUITests" */;
			buildPhases = (
				55CC8C1A2AD712BC0053D15D /* Sources */,
				55CC8C1B2AD712BC0053D15D /* Frameworks */,
				55CC8C1C2AD712BC0053D15D /* Resources */,
			);
			buildRules = (
			);
			dependencies = (
				55CC8C202AD712BC0053D15D /* PBXTargetDependency */,
			);
			name = "First App EverUITests";
			productName = "First App EverUITests";
			productReference = 55CC8C1E2AD712BC0053D15D /* First App EverUITests.xctest */;
			productType = "com.apple.product-type.bundle.ui-testing";
		};
/* End PBXNativeTarget section */

/* Begin PBXProject section */
		55CC8BFB2AD712BA0053D15D /* Project object */ = {
			isa = PBXProject;
			attributes = {
				BuildIndependentTargetsInParallel = 1;
				LastSwiftUpdateCheck = 1500;
				LastUpgradeCheck = 1500;
				TargetAttributes = {
					55CC8C022AD712BA0053D15D = {
						CreatedOnToolsVersion = 15.0;
					};
					55CC8C132AD712BC0053D15D = {
						CreatedOnToolsVersion = 15.0;
						TestTargetID = 55CC8C022AD712BA0053D15D;
					};
					55CC8C1D2AD712BC0053D15D = {
						CreatedOnToolsVersion = 15.0;
						TestTargetID = 55CC8C022AD712BA0053D15D;
					};
				};
			};
			buildConfigurationList = 55CC8BFE2AD712BA0053D15D /* Build configuration list for PBXProject "First App Ever" */;
			compatibilityVersion = "Xcode 14.0";
			developmentRegion = en;
			hasScannedForEncodings = 0;
			knownRegions = (
				en,
				Base,
			);
			mainGroup = 55CC8BFA2AD712BA0053D15D;
			productRefGroup = 55CC8C042AD712BA0053D15D /* Products */;
			projectDirPath = "";
			projectRoot = "";
			targets = (
				55CC8C022AD712BA0053D15D /* First App Ever */,
				55CC8C132AD712BC0053D15D /* First App EverTests */,
				55CC8C1D2AD712BC0053D15D /* First App EverUITests */,
			);
		};
/* End PBXProject section */

/* Begin PBXResourcesBuildPhase section */
		55CC8C012AD712BA0053D15D /* Resources */ = {
			isa = PBXResourcesBuildPhase;
			buildActionMask = 2147483647;
			files = (
				55CC8C0F2AD712BC0053D15D /* Preview Assets.xcassets in Resources */,
				55CC8C0B2AD712BC0053D15D /* Assets.xcassets in Resources */,
			);
			runOnlyForDeploymentPostprocessing = 0;
		};
		55CC8C122AD712BC0053D15D /* Resources */ = {
			isa = PBXResourcesBuildPhase;
			buildActionMask = 2147483647;
			files = (
			);
			runOnlyForDeploymentPostprocessing = 0;
		};
		55CC8C1C2AD712BC0053D15D /* Resources */ = {
			isa = PBXResourcesBuildPhase;
			buildActionMask = 2147483647;
			files = (
			);
			runOnlyForDeploymentPostprocessing = 0;
		};
/* End PBXResourcesBuildPhase section */

/* Begin PBXSourcesBuildPhase section */
		55CC8BFF2AD712BA0053D15D /* Sources */ = {
			isa = PBXSourcesBuildPhase;
			buildActionMask = 2147483647;
			files = (
				55CC8C092AD712BA0053D15D /* ContentView.swift in Sources */,
				55CC8C072AD712BA0053D15D /* First_App_EverApp.swift in Sources */,
			);
			runOnlyForDeploymentPostprocessing = 0;
		};
		55CC8C102AD712BC0053D15D /* Sources */ = {
			isa = PBXSourcesBuildPhase;
			buildActionMask = 2147483647;
			files = (
				55CC8C192AD712BC0053D15D /* First_App_EverTests.swift in Sources */,
			);
			runOnlyForDeploymentPostprocessing = 0;
		};
		55CC8C1A2AD712BC0053D15D /* Sources */ = {
			isa = PBXSourcesBuildPhase;
			buildActionMask = 2147483647;
			files = (
				55CC8C232AD712BC0053D15D /* First_App_EverUITests.swift in Sources */,
				55CC8C252AD712BC0053D15D /* First_App_EverUITestsLaunchTests.swift in Sources */,
			);
			runOnlyForDeploymentPostprocessing = 0;
		};
/* End PBXSourcesBuildPhase section */

/* Begin PBXTargetDependency section */
		55CC8C162AD712BC0053D15D /* PBXTargetDependency */ = {
			isa = PBXTargetDependency;
			target = 55CC8C022AD712BA0053D15D /* First App Ever */;
			targetProxy = 55CC8C152AD712BC0053D15D /* PBXContainerItemProxy */;
		};
		55CC8C202AD712BC0053D15D /* PBXTargetDependency */ = {
			isa = PBXTargetDependency;
			target = 55CC8C022AD712BA0053D15D /* First App Ever */;
			targetProxy = 55CC8C1F2AD712BC0053D15D /* PBXContainerItemProxy */;
		};
/* End PBXTargetDependency section */

/* Begin XCBuildConfiguration section */
		55CC8C262AD712BC0053D15D /* Debug */ = {
			isa = XCBuildConfiguration;
			buildSettings = {
				ALWAYS_SEARCH_USER_PATHS = NO;
				ASSETCATALOG_COMPILER_GENERATE_SWIFT_ASSET_SYMBOL_EXTENSIONS = YES;
				CLANG_ANALYZER_NONNULL = YES;
				CLANG_ANALYZER_NUMBER_OBJECT_CONVERSION = YES_AGGRESSIVE;
				CLANG_CXX_LANGUAGE_STANDARD = "gnu++20";
				CLANG_ENABLE_MODULES = YES;
				CLANG_ENABLE_OBJC_ARC = YES;
				CLANG_ENABLE_OBJC_WEAK = YES;
				CLANG_WARN_BLOCK_CAPTURE_AUTORELEASING = YES;
				CLANG_WARN_BOOL_CONVERSION = YES;
				CLANG_WARN_COMMA = YES;
				CLANG_WARN_CONSTANT_CONVERSION = YES;
				CLANG_WARN_DEPRECATED_OBJC_IMPLEMENTATIONS = YES;
				CLANG_WARN_DIRECT_OBJC_ISA_USAGE = YES_ERROR;
				CLANG_WARN_DOCUMENTATION_COMMENTS = YES;
				CLANG_WARN_EMPTY_BODY = YES;
				CLANG_WARN_ENUM_CONVERSION = YES;
				CLANG_WARN_INFINITE_RECURSION = YES;
				CLANG_WARN_INT_CONVERSION = YES;
				CLANG_WARN_NON_LITERAL_NULL_CONVERSION = YES;
				CLANG_WARN_OBJC_IMPLICIT_RETAIN_SELF = YES;
				CLANG_WARN_OBJC_LITERAL_CONVERSION = YES;
				CLANG_WARN_OBJC_ROOT_CLASS = YES_ERROR;
				CLANG_WARN_QUOTED_INCLUDE_IN_FRAMEWORK_HEADER = YES;
				CLANG_WARN_RANGE_LOOP_ANALYSIS = YES;
				CLANG_WARN_STRICT_PROTOTYPES = YES;
				CLANG_WARN_SUSPICIOUS_MOVE = YES;
				CLANG_WARN_UNGUARDED_AVAILABILITY = YES_AGGRESSIVE;
				CLANG_WARN_UNREACHABLE_CODE = YES;
				CLANG_WARN__DUPLICATE_METHOD_MATCH = YES;
				COPY_PHASE_STRIP = NO;
				DEBUG_INFORMATION_FORMAT = dwarf;
				ENABLE_STRICT_OBJC_MSGSEND = YES;
				ENABLE_TESTABILITY = YES;
				ENABLE_USER_SCRIPT_SANDBOXING = YES;
				GCC_C_LANGUAGE_STANDARD = gnu17;
				GCC_DYNAMIC_NO_PIC = NO;
				GCC_NO_COMMON_BLOCKS = YES;
				GCC_OPTIMIZATION_LEVEL = 0;
				GCC_PREPROCESSOR_DEFINITIONS = (
					"DEBUG=1",
					"$(inherited)",
				);
				GCC_WARN_64_TO_32_BIT_CONVERSION = YES;
				GCC_WARN_ABOUT_RETURN_TYPE = YES_ERROR;
				GCC_WARN_UNDECLARED_SELECTOR = YES;
				GCC_WARN_UNINITIALIZED_AUTOS = YES_AGGRESSIVE;
				GCC_WARN_UNUSED_FUNCTION = YES;
				GCC_WARN_UNUSED_VARIABLE = YES;
				LOCALIZATION_PREFERS_STRING_CATALOGS = YES;
				MTL_ENABLE_DEBUG_INFO = INCLUDE_SOURCE;
				MTL_FAST_MATH = YES;
				ONLY_ACTIVE_ARCH = YES;
				SWIFT_ACTIVE_COMPILATION_CONDITIONS = "DEBUG $(inherited)";
				SWIFT_OPTIMIZATION_LEVEL = "-Onone";
			};
			name = Debug;
		};
		55CC8C272AD712BC0053D15D /* Release */ = {
			isa = XCBuildConfiguration;
			buildSettings = {
				ALWAYS_SEARCH_USER_PATHS = NO;
				ASSETCATALOG_COMPILER_GENERATE_SWIFT_ASSET_SYMBOL_EXTENSIONS = YES;
				CLANG_ANALYZER_NONNULL = YES;
				CLANG_ANALYZER_NUMBER_OBJECT_CONVERSION = YES_AGGRESSIVE;
				CLANG_CXX_LANGUAGE_STANDARD = "gnu++20";
				CLANG_ENABLE_MODULES = YES;
				CLANG_ENABLE_OBJC_ARC = YES;
				CLANG_ENABLE_OBJC_WEAK = YES;
				CLANG_WARN_BLOCK_CAPTURE_AUTORELEASING = YES;
				CLANG_WARN_BOOL_CONVERSION = YES;
				CLANG_WARN_COMMA = YES;
				CLANG_WARN_CONSTANT_CONVERSION = YES;
				CLANG_WARN_DEPRECATED_OBJC_IMPLEMENTATIONS = YES;
				CLANG_WARN_DIRECT_OBJC_ISA_USAGE = YES_ERROR;
				CLANG_WARN_DOCUMENTATION_COMMENTS = YES;
				CLANG_WARN_EMPTY_BODY = YES;
				CLANG_WARN_ENUM_CONVERSION = YES;
				CLANG_WARN_INFINITE_RECURSION = YES;
				CLANG_WARN_INT_CONVERSION = YES;
				CLANG_WARN_NON_LITERAL_NULL_CONVERSION = YES;
				CLANG_WARN_OBJC_IMPLICIT_RETAIN_SELF = YES;
				CLANG_WARN_OBJC_LITERAL_CONVERSION = YES;
				CLANG_WARN_OBJC_ROOT_CLASS = YES_ERROR;
				CLANG_WARN_QUOTED_INCLUDE_IN_FRAMEWORK_HEADER = YES;
				CLANG_WARN_RANGE_LOOP_ANALYSIS = YES;
				CLANG_WARN_STRICT_PROTOTYPES = YES;
				CLANG_WARN_SUSPICIOUS_MOVE = YES;
				CLANG_WARN_UNGUARDED_AVAILABILITY = YES_AGGRESSIVE;
				CLANG_WARN_UNREACHABLE_CODE = YES;
				CLANG_WARN__DUPLICATE_METHOD_MATCH = YES;
				COPY_PHASE_STRIP = NO;
				DEBUG_INFORMATION_FORMAT = "dwarf-with-dsym";
				ENABLE_NS_ASSERTIONS = NO;
				ENABLE_STRICT_OBJC_MSGSEND = YES;
				ENABLE_USER_SCRIPT_SANDBOXING = YES;
				GCC_C_LANGUAGE_STANDARD = gnu17;
				GCC_NO_COMMON_BLOCKS = YES;
				GCC_WARN_64_TO_32_BIT_CONVERSION = YES;
				GCC_WARN_ABOUT_RETURN_TYPE = YES_ERROR;
				GCC_WARN_UNDECLARED_SELECTOR = YES;
				GCC_WARN_UNINITIALIZED_AUTOS = YES_AGGRESSIVE;
				GCC_WARN_UNUSED_FUNCTION = YES;
				GCC_WARN_UNUSED_VARIABLE = YES;
				LOCALIZATION_PREFERS_STRING_CATALOGS = YES;
				MTL_ENABLE_DEBUG_INFO = NO;
				MTL_FAST_MATH = YES;
				SWIFT_COMPILATION_MODE = wholemodule;
			};
			name = Release;
		};
		55CC8C292AD712BC0053D15D /* Debug */ = {
			isa = XCBuildConfiguration;
			buildSettings = {
				ASSETCATALOG_COMPILER_APPICON_NAME = AppIcon;
				ASSETCATALOG_COMPILER_GLOBAL_ACCENT_COLOR_NAME = AccentColor;
				CODE_SIGN_ENTITLEMENTS = "First App Ever/First_App_Ever.entitlements";
				CODE_SIGN_STYLE = Automatic;
				CURRENT_PROJECT_VERSION = 1;
				DEVELOPMENT_ASSET_PATHS = "\"First App Ever/Preview Content\"";
				ENABLE_PREVIEWS = YES;
				GENERATE_INFOPLIST_FILE = YES;
				"INFOPLIST_KEY_UIApplicationSceneManifest_Generation[sdk=iphoneos*]" = YES;
				"INFOPLIST_KEY_UIApplicationSceneManifest_Generation[sdk=iphonesimulator*]" = YES;
				"INFOPLIST_KEY_UIApplicationSupportsIndirectInputEvents[sdk=iphoneos*]" = YES;
				"INFOPLIST_KEY_UIApplicationSupportsIndirectInputEvents[sdk=iphonesimulator*]" = YES;
				"INFOPLIST_KEY_UILaunchScreen_Generation[sdk=iphoneos*]" = YES;
				"INFOPLIST_KEY_UILaunchScreen_Generation[sdk=iphonesimulator*]" = YES;
				"INFOPLIST_KEY_UIStatusBarStyle[sdk=iphoneos*]" = UIStatusBarStyleDefault;
				"INFOPLIST_KEY_UIStatusBarStyle[sdk=iphonesimulator*]" = UIStatusBarStyleDefault;
				INFOPLIST_KEY_UISupportedInterfaceOrientations_iPad = "UIInterfaceOrientationPortrait UIInterfaceOrientationPortraitUpsideDown UIInterfaceOrientationLandscapeLeft UIInterfaceOrientationLandscapeRight";
				INFOPLIST_KEY_UISupportedInterfaceOrientations_iPhone = "UIInterfaceOrientationPortrait UIInterfaceOrientationLandscapeLeft UIInterfaceOrientationLandscapeRight";
				IPHONEOS_DEPLOYMENT_TARGET = 17.0;
				LD_RUNPATH_SEARCH_PATHS = "@executable_path/Frameworks";
				"LD_RUNPATH_SEARCH_PATHS[sdk=macosx*]" = "@executable_path/../Frameworks";
				MACOSX_DEPLOYMENT_TARGET = 13.5;
				MARKETING_VERSION = 1.0;
				PRODUCT_BUNDLE_IDENTIFIER = "kad.First-App-Ever";
				PRODUCT_NAME = "$(TARGET_NAME)";
				SDKROOT = auto;
				SUPPORTED_PLATFORMS = "iphoneos iphonesimulator macosx";
				SWIFT_EMIT_LOC_STRINGS = YES;
				SWIFT_VERSION = 5.0;
				TARGETED_DEVICE_FAMILY = "1,2";
			};
			name = Debug;
		};
		55CC8C2A2AD712BC0053D15D /* Release */ = {
			isa = XCBuildConfiguration;
			buildSettings = {
				ASSETCATALOG_COMPILER_APPICON_NAME = AppIcon;
				ASSETCATALOG_COMPILER_GLOBAL_ACCENT_COLOR_NAME = AccentColor;
				CODE_SIGN_ENTITLEMENTS = "First App Ever/First_App_Ever.entitlements";
				CODE_SIGN_STYLE = Automatic;
				CURRENT_PROJECT_VERSION = 1;
				DEVELOPMENT_ASSET_PATHS = "\"First App Ever/Preview Content\"";
				ENABLE_PREVIEWS = YES;
				GENERATE_INFOPLIST_FILE = YES;
				"INFOPLIST_KEY_UIApplicationSceneManifest_Generation[sdk=iphoneos*]" = YES;
				"INFOPLIST_KEY_UIApplicationSceneManifest_Generation[sdk=iphonesimulator*]" = YES;
				"INFOPLIST_KEY_UIApplicationSupportsIndirectInputEvents[sdk=iphoneos*]" = YES;
				"INFOPLIST_KEY_UIApplicationSupportsIndirectInputEvents[sdk=iphonesimulator*]" = YES;
				"INFOPLIST_KEY_UILaunchScreen_Generation[sdk=iphoneos*]" = YES;
				"INFOPLIST_KEY_UILaunchScreen_Generation[sdk=iphonesimulator*]" = YES;
				"INFOPLIST_KEY_UIStatusBarStyle[sdk=iphoneos*]" = UIStatusBarStyleDefault;
				"INFOPLIST_KEY_UIStatusBarStyle[sdk=iphonesimulator*]" = UIStatusBarStyleDefault;
				INFOPLIST_KEY_UISupportedInterfaceOrientations_iPad = "UIInterfaceOrientationPortrait UIInterfaceOrientationPortraitUpsideDown UIInterfaceOrientationLandscapeLeft UIInterfaceOrientationLandscapeRight";
				INFOPLIST_KEY_UISupportedInterfaceOrientations_iPhone = "UIInterfaceOrientationPortrait UIInterfaceOrientationLandscapeLeft UIInterfaceOrientationLandscapeRight";
				IPHONEOS_DEPLOYMENT_TARGET = 17.0;
				LD_RUNPATH_SEARCH_PATHS = "@executable_path/Frameworks";
				"LD_RUNPATH_SEARCH_PATHS[sdk=macosx*]" = "@executable_path/../Frameworks";
				MACOSX_DEPLOYMENT_TARGET = 13.5;
				MARKETING_VERSION = 1.0;
				PRODUCT_BUNDLE_IDENTIFIER = "kad.First-App-Ever";
				PRODUCT_NAME = "$(TARGET_NAME)";
				SDKROOT = auto;
				SUPPORTED_PLATFORMS = "iphoneos iphonesimulator macosx";
				SWIFT_EMIT_LOC_STRINGS = YES;
				SWIFT_VERSION = 5.0;
				TARGETED_DEVICE_FAMILY = "1,2";
			};
			name = Release;
		};
		55CC8C2C2AD712BC0053D15D /* Debug */ = {
			isa = XCBuildConfiguration;
			buildSettings = {
				ALWAYS_EMBED_SWIFT_STANDARD_LIBRARIES = YES;
				BUNDLE_LOADER = "$(TEST_HOST)";
				CODE_SIGN_STYLE = Automatic;
				CURRENT_PROJECT_VERSION = 1;
				GENERATE_INFOPLIST_FILE = YES;
				IPHONEOS_DEPLOYMENT_TARGET = 17.0;
				MACOSX_DEPLOYMENT_TARGET = 13.5;
				MARKETING_VERSION = 1.0;
				PRODUCT_BUNDLE_IDENTIFIER = "kad.First-App-EverTests";
				PRODUCT_NAME = "$(TARGET_NAME)";
				SDKROOT = auto;
				SUPPORTED_PLATFORMS = "iphoneos iphonesimulator macosx";
				SWIFT_EMIT_LOC_STRINGS = NO;
				SWIFT_VERSION = 5.0;
				TARGETED_DEVICE_FAMILY = "1,2";
				TEST_HOST = "$(BUILT_PRODUCTS_DIR)/First App Ever.app/$(BUNDLE_EXECUTABLE_FOLDER_PATH)/First App Ever";
			};
			name = Debug;
		};
		55CC8C2D2AD712BC0053D15D /* Release */ = {
			isa = XCBuildConfiguration;
			buildSettings = {
				ALWAYS_EMBED_SWIFT_STANDARD_LIBRARIES = YES;
				BUNDLE_LOADER = "$(TEST_HOST)";
				CODE_SIGN_STYLE = Automatic;
				CURRENT_PROJECT_VERSION = 1;
				GENERATE_INFOPLIST_FILE = YES;
				IPHONEOS_DEPLOYMENT_TARGET = 17.0;
				MACOSX_DEPLOYMENT_TARGET = 13.5;
				MARKETING_VERSION = 1.0;
				PRODUCT_BUNDLE_IDENTIFIER = "kad.First-App-EverTests";
				PRODUCT_NAME = "$(TARGET_NAME)";
				SDKROOT = auto;
				SUPPORTED_PLATFORMS = "iphoneos iphonesimulator macosx";
				SWIFT_EMIT_LOC_STRINGS = NO;
				SWIFT_VERSION = 5.0;
				TARGETED_DEVICE_FAMILY = "1,2";
				TEST_HOST = "$(BUILT_PRODUCTS_DIR)/First App Ever.app/$(BUNDLE_EXECUTABLE_FOLDER_PATH)/First App Ever";
			};
			name = Release;
		};
		55CC8C2F2AD712BC0053D15D /* Debug */ = {
			isa = XCBuildConfiguration;
			buildSettings = {
				ALWAYS_EMBED_SWIFT_STANDARD_LIBRARIES = YES;
				CODE_SIGN_STYLE = Automatic;
				CURRENT_PROJECT_VERSION = 1;
				GENERATE_INFOPLIST_FILE = YES;
				IPHONEOS_DEPLOYMENT_TARGET = 17.0;
				MACOSX_DEPLOYMENT_TARGET = 13.5;
				MARKETING_VERSION = 1.0;
				PRODUCT_BUNDLE_IDENTIFIER = "kad.First-App-EverUITests";
				PRODUCT_NAME = "$(TARGET_NAME)";
				SDKROOT = auto;
				SUPPORTED_PLATFORMS = "iphoneos iphonesimulator macosx";
				SWIFT_EMIT_LOC_STRINGS = NO;
				SWIFT_VERSION = 5.0;
				TARGETED_DEVICE_FAMILY = "1,2";
				TEST_TARGET_NAME = "First App Ever";
			};
			name = Debug;
		};
		55CC8C302AD712BC0053D15D /* Release */ = {
			isa = XCBuildConfiguration;
			buildSettings = {
				ALWAYS_EMBED_SWIFT_STANDARD_LIBRARIES = YES;
				CODE_SIGN_STYLE = Automatic;
				CURRENT_PROJECT_VERSION = 1;
				GENERATE_INFOPLIST_FILE = YES;
				IPHONEOS_DEPLOYMENT_TARGET = 17.0;
				MACOSX_DEPLOYMENT_TARGET = 13.5;
				MARKETING_VERSION = 1.0;
				PRODUCT_BUNDLE_IDENTIFIER = "kad.First-App-EverUITests";
				PRODUCT_NAME = "$(TARGET_NAME)";
				SDKROOT = auto;
				SUPPORTED_PLATFORMS = "iphoneos iphonesimulator macosx";
				SWIFT_EMIT_LOC_STRINGS = NO;
				SWIFT_VERSION = 5.0;
				TARGETED_DEVICE_FAMILY = "1,2";
				TEST_TARGET_NAME = "First App Ever";
			};
			name = Release;
		};
/* End XCBuildConfiguration section */

/* Begin XCConfigurationList section */
		55CC8BFE2AD712BA0053D15D /* Build configuration list for PBXProject "First App Ever" */ = {
			isa = XCConfigurationList;
			buildConfigurations = (
				55CC8C262AD712BC0053D15D /* Debug */,
				55CC8C272AD712BC0053D15D /* Release */,
			);
			defaultConfigurationIsVisible = 0;
			defaultConfigurationName = Release;
		};
		55CC8C282AD712BC0053D15D /* Build configuration list for PBXNativeTarget "First App Ever" */ = {
			isa = XCConfigurationList;
			buildConfigurations = (
				55CC8C292AD712BC0053D15D /* Debug */,
				55CC8C2A2AD712BC0053D15D /* Release */,
			);
			defaultConfigurationIsVisible = 0;
			defaultConfigurationName = Release;
		};
		55CC8C2B2AD712BC0053D15D /* Build configuration list for PBXNativeTarget "First App EverTests" */ = {
			isa = XCConfigurationList;
			buildConfigurations = (
				55CC8C2C2AD712BC0053D15D /* Debug */,
				55CC8C2D2AD712BC0053D15D /* Release */,
			);
			defaultConfigurationIsVisible = 0;
			defaultConfigurationName = Release;
		};
		55CC8C2E2AD712BC0053D15D /* Build configuration list for PBXNativeTarget "First App EverUITests" */ = {
			isa = XCConfigurationList;
			buildConfigurations = (
				55CC8C2F2AD712BC0053D15D /* Debug */,
				55CC8C302AD712BC0053D15D /* Release */,
			);
			defaultConfigurationIsVisible = 0;
			defaultConfigurationName = Release;
		};
/* End XCConfigurationList section */
	};
	rootObject = 55CC8BFB2AD712BA0053D15D /* Project object */;
}
